schema: '2.0'
stages:
  data_ingestion:
    cmd: python src/data_ingestion.py
    deps:
    - path: src/data_ingestion.py
      hash: md5
      md5: e71fdc9b25000c2d9842f0498148d0b6
      size: 3521
    params:
      params.yaml:
        data_ingestion.test_size: 0.35
    outs:
    - path: data/raw
      hash: md5
      md5: 01f138f304c3399606ae39aec5015be1.dir
      size: 479272
      nfiles: 2
  data_preprocessing:
    cmd: python src/data_preprocessing.py
    deps:
    - path: data/raw
      hash: md5
      md5: 01f138f304c3399606ae39aec5015be1.dir
      size: 479272
      nfiles: 2
    - path: src/data_preprocessing.py
      hash: md5
      md5: 54fab0e09bf9ff012c2cbba1110d08b6
      size: 3969
    outs:
    - path: data/interim
      hash: md5
      md5: 89ba7438d582487c820456980fb1f6c6.dir
      size: 257744
      nfiles: 2
  feature_engineering:
    cmd: python src/feature_engineering.py
    deps:
    - path: data/interim
      hash: md5
      md5: 89ba7438d582487c820456980fb1f6c6.dir
      size: 257744
      nfiles: 2
    - path: src/feature_engineering.py
      hash: md5
      md5: 91dc65e9a8e4eee20e673e9b1706c2bb
      size: 3730
    params:
      params.yaml:
        feature_engineering.max_features: 50
    outs:
    - path: data/processed
      hash: md5
      md5: 8e6cf433d6cad0d49566b5748eae6e34.dir
      size: 1185103
      nfiles: 2
  model_building:
    cmd: python src/model_building.py
    deps:
    - path: data/processed
      hash: md5
      md5: 8e6cf433d6cad0d49566b5748eae6e34.dir
      size: 1185103
      nfiles: 2
    - path: src/model_building.py
      hash: md5
      md5: c149cc0a2db289626961304a27d2027b
      size: 4186
    params:
      params.yaml:
        model_building.n_estimators: 25
        model_building.random_state: 2
    outs:
    - path: models/model.pkl
      hash: md5
      md5: 1c63b5a5ccaf167b970ab6c284c3dbee
      size: 864089
  model_evaluation:
    cmd: python src/model_evaluation.py
    deps:
    - path: models/model.pkl
      hash: md5
      md5: 1c63b5a5ccaf167b970ab6c284c3dbee
      size: 864089
    - path: src/model_evaluation.py
      hash: md5
      md5: 8d8c5e744a23bed055c38127771b3394
      size: 4813
    outs:
    - path: reports/metrics.json
      hash: md5
      md5: bd2c67a914983202023fd3c6a93e94f1
      size: 140
